
Microsoft Visual Studio Solution File, Format Version 12.00
# Visual Studio Version 17
VisualStudioVersion = 17.4.33213.308
MinimumVisualStudioVersion = 10.0.40219.1
Project("{FAE04EC0-301F-11D3-BF4B-00C04F79EFBC}") = "M1S03", "M1S03\M1S03.csproj", "{0F47F5B7-F1BE-4C4A-8156-A026CED5B999}"
EndProject
Global
	GlobalSection(SolutionConfigurationPlatforms) = preSolution
		Debug|Any CPU = Debug|Any CPU
		Release|Any CPU = Release|Any CPU
	EndGlobalSection
	GlobalSection(ProjectConfigurationPlatforms) = postSolution
		{0F47F5B7-F1BE-4C4A-8156-A026CED5B999}.Debug|Any CPU.ActiveCfg = Debug|Any CPU
		{0F47F5B7-F1BE-4C4A-8156-A026CED5B999}.Debug|Any CPU.Build.0 = Debug|Any CPU
		{0F47F5B7-F1BE-4C4A-8156-A026CED5B999}.Release|Any CPU.ActiveCfg = Release|Any CPU
		{0F47F5B7-F1BE-4C4A-8156-A026CED5B999}.Release|Any CPU.Build.0 = Release|Any CPU
	EndGlobalSection
	GlobalSection(SolutionProperties) = preSolution
		HideSolutionNode = FALSE
	EndGlobalSection
	GlobalSection(ExtensibilityGlobals) = postSolution
		SolutionGuid = {00BBC4BD-1873-42DA-B1E4-47338DB893F5}
	EndGlobalSection
EndGlobal
